github.com/davecgh/go-spew v1.1.0/go.mod h1:J7Y8YcW2NihsgmVo/mv3lAwl/skON4iLHjSsI+c5H38=
github.com/maxmind/mmdbwriter v0.0.0-20210616205632-85bfe8b3805f h1:jJzrCaxX3eOSCYQ78f0078ajs0jLii7Km7NHBFB/fhU=
github.com/maxmind/mmdbwriter v0.0.0-20210616205632-85bfe8b3805f/go.mod h1:aqIjCWrHHDXl8EP6mKnxFbIhjdd2EOzqPccN/lmk7rA=
github.com/oschwald/geoip2-golang v1.5.0 h1:igg2yQIrrcRccB1ytFXqBfOHCjXWIoMv85lVJ1ONZzw=
github.com/oschwald/geoip2-golang v1.5.0/go.mod h1:xdvYt5xQzB8ORWFqPnqMwZpCpgNagttWdoZLlJQzg7s=
github.com/oschwald/maxminddb-golang v1.7.1-0.20200819192241-1f1e288ee3f9 h1:VA/ssbFy4lxVq8zTwwNlw2n0d9QTvKiq8uxhMVM2nl4=
github.com/oschwald/maxminddb-golang v1.7.1-0.20200819192241-1f1e288ee3f9/go.mod h1:RXZtst0N6+FY/3qCNmZMBApR19cdQj43/NM9VkrNAis=
github.com/oschwald/maxminddb-golang v1.8.0 h1:Uh/DSnGoxsyp/KYbY1AuP0tYEwfs0sCph9p/UMXK/Hk=
github.com/oschwald/maxminddb-golang v1.8.0/go.mod h1:RXZtst0N6+FY/3qCNmZMBApR19cdQj43/NM9VkrNAis=
github.com/pkg/errors v0.9.1 h1:FEBLx1zS214owpjy7qsBeixbURkuhQAwrK5UwLGTwt4=
github.com/pkg/errors v0.9.1/go.mod h1:bwawxfHBFNV+L2hUp1rHADufV3IMtnDRdf1r5NINEl0=
github.com/pkg/profile v1.6.0/go.mod h1:qBsxPvzyUincmltOk6iyRVxHYg4adc0OFOv72ZdLa18=
github.com/pmezard/go-difflib v1.0.0/go.mod h1:iKH77koFhYxTK1pcRnkKkqfTogsbg7gZNVY4sRDYZ/4=
github.com/stretchr/objx v0.1.0/go.mod h1:HFkY916IF+rwdDfMAkV7OtwuqBVzrE8GR6GFx+wExME=
github.com/stretchr/testify v1.6.1/go.mod h1:6Fq8oRcR53rry900zMqJjRRixrwX3KX962/h/Wwjteg=
github.com/stretchr/testify v1.7.0/go.mod h1:6Fq8oRcR53rry900zMqJjRRixrwX3KX962/h/Wwjteg=
golang.org/x/sys v0.0.0-20191224085550-c709ea063b76 h1:Dho5nD6R3PcW2SH1or8vS0dszDaXRxIw55lBX7XiE5g=
golang.org/x/sys v0.0.0-20191224085550-c709ea063b76/go.mod h1:h1NjWce9XRLGQEsW7wpKNCjG9DtNlClVuFLEZdDNbEs=
gopkg.in/check.v1 v0.0.0-20161208181325-20d25e280405/go.mod h1:Co6ibVJAznAaIkqp8huTwlJQCZ016jof/cbN4VW5Yz0=
gopkg.in/yaml.v2 v2.2.2/go.mod h1:hI93XBmqTisBFMUTm0b8Fm+jr3Dg1NNxqwp+5A1VGuI=
gopkg.in/yaml.v3 v3.0.0-20200313102051-9f266ea9e77c/go.mod h1:K4uyk7z7BCEPqu6E+C64Yfv1cQ7kz7rIZviUmN+EgEM=
